{
  "name": "chessbot",
  "lockfileVersion": 3,
  "requires": true,
  "packages": {
    "": {
      "dependencies": {
        "chesshacks": "^1.0.10"
      },
      "devDependencies": {
        "baseline-browser-mapping": "^2.10.33"
      }
    },
    "node_modules/baseline-browser-mapping": {
      "version": "2.10.33",
      "resolved": "https://registry.npmjs.org/baseline-browser-mapping/-/baseline-browser-mapping-2.10.33.tgz",
      "integrity": "sha512-bA6+tcSLpz2tIEdDXZPpPTIuxBcC4+w6SieaYyfigIa4h8GlFxbA17v22Vx3JUtuZQj9SgOsnbK+aTBzyDyEuw==",
      "dev": true,
      "license": "Apache-2.0",
      "bin": {
        "baseline-browser-mapping": "dist/cli.cjs"
      },
      "engines": {
        "node": ">=6.0.0"
      }
    },
    "node_modules/chesshacks": {
      "version": "1.0.10",
      "resolved": "https://registry.npmjs.org/chesshacks/-/chesshacks-1.0.10.tgz",
      "integrity": "sha512-KiiTVuXawNkoRfdmCTV2bjCYMTX56GktyrGfgyPYESdG7MX2g9izvF3v9fXTMA9+MtU+tU4QrQJ9uExc6rh2qg==",
      "bin": {
        "chesshacks": "bin/cli.js"
      }
    }
  }
}
